
Microsoft Visual Studio Solution File, Format Version 12.00
# Visual Studio Version 17
VisualStudioVersion = 17.13.35806.99 d17.13
MinimumVisualStudioVersion = 10.0.40219.1
Project("{FAE04EC0-301F-11D3-BF4B-00C04F79EFBC}") = "ExamenApp2", "ExamenApp2.csproj", "{9DE5581A-276C-4687-BA4D-DD5A48B450CE}"
EndProject
Global
	GlobalSection(SolutionConfigurationPlatforms) = preSolution
		Debug|Any CPU = Debug|Any CPU
		Release|Any CPU = Release|Any CPU
	EndGlobalSection
	GlobalSection(ProjectConfigurationPlatforms) = postSolution
		{9DE5581A-276C-4687-BA4D-DD5A48B450CE}.Debug|Any CPU.ActiveCfg = Debug|Any CPU
		{9DE5581A-276C-4687-BA4D-DD5A48B450CE}.Debug|Any CPU.Build.0 = Debug|Any CPU
		{9DE5581A-276C-4687-BA4D-DD5A48B450CE}.Release|Any CPU.ActiveCfg = Release|Any CPU
		{9DE5581A-276C-4687-BA4D-DD5A48B450CE}.Release|Any CPU.Build.0 = Release|Any CPU
	EndGlobalSection
	GlobalSection(SolutionProperties) = preSolution
		HideSolutionNode = FALSE
	EndGlobalSection
	GlobalSection(ExtensibilityGlobals) = postSolution
		SolutionGuid = {70C50F30-3BE0-4B6F-B402-E77EF2462BD1}
	EndGlobalSection
EndGlobal
